
Microsoft Visual Studio Solution File, Format Version 11.00
# Visual Studio 2010
Project("{FAE04EC0-301F-11D3-BF4B-00C04F79EFBC}") = "TzBallgit", "Assembly-CSharp-firstpass.csproj", "{513022FB-76E5-C9BB-43B6-374B2F15F8E2}"
EndProject
Project("{FAE04EC0-301F-11D3-BF4B-00C04F79EFBC}") = "TzBallgit", "Assembly-CSharp.csproj", "{01138D53-E2F3-D7D7-5EA1-86035D6D74F1}"
EndProject
Project("{FAE04EC0-301F-11D3-BF4B-00C04F79EFBC}") = "TzBallgit", "Assembly-CSharp-Editor.csproj", "{BF70E34A-DD51-1905-F8DC-34D7247A8047}"
EndProject
Global
	GlobalSection(SolutionConfigurationPlatforms) = preSolution
		Debug|Any CPU = Debug|Any CPU
		Release|Any CPU = Release|Any CPU
	EndGlobalSection
	GlobalSection(ProjectConfigurationPlatforms) = postSolution
		{513022FB-76E5-C9BB-43B6-374B2F15F8E2}.Debug|Any CPU.ActiveCfg = Debug|Any CPU
		{513022FB-76E5-C9BB-43B6-374B2F15F8E2}.Debug|Any CPU.Build.0 = Debug|Any CPU
		{513022FB-76E5-C9BB-43B6-374B2F15F8E2}.Release|Any CPU.ActiveCfg = Release|Any CPU
		{513022FB-76E5-C9BB-43B6-374B2F15F8E2}.Release|Any CPU.Build.0 = Release|Any CPU
		{01138D53-E2F3-D7D7-5EA1-86035D6D74F1}.Debug|Any CPU.ActiveCfg = Debug|Any CPU
		{01138D53-E2F3-D7D7-5EA1-86035D6D74F1}.Debug|Any CPU.Build.0 = Debug|Any CPU
		{01138D53-E2F3-D7D7-5EA1-86035D6D74F1}.Release|Any CPU.ActiveCfg = Release|Any CPU
		{01138D53-E2F3-D7D7-5EA1-86035D6D74F1}.Release|Any CPU.Build.0 = Release|Any CPU
		{BF70E34A-DD51-1905-F8DC-34D7247A8047}.Debug|Any CPU.ActiveCfg = Debug|Any CPU
		{BF70E34A-DD51-1905-F8DC-34D7247A8047}.Debug|Any CPU.Build.0 = Debug|Any CPU
		{BF70E34A-DD51-1905-F8DC-34D7247A8047}.Release|Any CPU.ActiveCfg = Release|Any CPU
		{BF70E34A-DD51-1905-F8DC-34D7247A8047}.Release|Any CPU.Build.0 = Release|Any CPU
	EndGlobalSection
	GlobalSection(SolutionProperties) = preSolution
		HideSolutionNode = FALSE
	EndGlobalSection
	GlobalSection(MonoDevelopProperties) = preSolution
		StartupItem = Assembly-CSharp.csproj
	EndGlobalSection
EndGlobal
